
Microsoft Visual Studio Solution File, Format Version 12.00
# Visual Studio 15
VisualStudioVersion = 15.0.27703.2042
MinimumVisualStudioVersion = 10.0.40219.1
Project("{9A19103F-16F7-4668-BE54-9A1E7A4F7556}") = "TDD_DemoCode", "ConsoleApp1\TDD_DemoCode.csproj", "{AF879A2A-B4FB-4048-AB61-CE1CDB0807A3}"
EndProject
Project("{2150E333-8FDC-42A3-9474-1A3956D46DE8}") = "Solution Items", "Solution Items", "{42EAD40B-79AB-4798-A065-8B0343C03947}"
	ProjectSection(SolutionItems) = preProject
		Class1.cs = Class1.cs
	EndProjectSection
EndProject
Global
	GlobalSection(SolutionConfigurationPlatforms) = preSolution
		Debug|Any CPU = Debug|Any CPU
		Release|Any CPU = Release|Any CPU
	EndGlobalSection
	GlobalSection(ProjectConfigurationPlatforms) = postSolution
		{AF879A2A-B4FB-4048-AB61-CE1CDB0807A3}.Debug|Any CPU.ActiveCfg = Debug|Any CPU
		{AF879A2A-B4FB-4048-AB61-CE1CDB0807A3}.Debug|Any CPU.Build.0 = Debug|Any CPU
		{AF879A2A-B4FB-4048-AB61-CE1CDB0807A3}.Release|Any CPU.ActiveCfg = Release|Any CPU
		{AF879A2A-B4FB-4048-AB61-CE1CDB0807A3}.Release|Any CPU.Build.0 = Release|Any CPU
	EndGlobalSection
	GlobalSection(SolutionProperties) = preSolution
		HideSolutionNode = FALSE
	EndGlobalSection
	GlobalSection(ExtensibilityGlobals) = postSolution
		SolutionGuid = {BC913B7B-BCC4-4529-8DC1-F66F6368BD77}
	EndGlobalSection
EndGlobal
